// !$*UTF8*$!
{
	archiveVersion = 1;
	classes = {
	};
	objectVersion = 48;
	objects = {

/* Begin PBXBuildFile section */
		875F5FBD2162DF7300695A0A /* AppDelegate.swift in Sources */ = {isa = PBXBuildFile; fileRef = 875F5FBC2162DF7300695A0A /* AppDelegate.swift */; };
		875F5FBF2162DF7300695A0A /* ViewController.swift in Sources */ = {isa = PBXBuildFile; fileRef = 875F5FBE2162DF7300695A0A /* ViewController.swift */; };
		875F5FC22162DF7300695A0A /* Main.storyboard in Resources */ = {isa = PBXBuildFile; fileRef = 875F5FC02162DF7300695A0A /* Main.storyboard */; };
		875F5FC52162DF7300695A0A /* Trippie.xcdatamodeld in Sources */ = {isa = PBXBuildFile; fileRef = 875F5FC32162DF7300695A0A /* Trippie.xcdatamodeld */; };
		875F5FC72162DF7300695A0A /* Assets.xcassets in Resources */ = {isa = PBXBuildFile; fileRef = 875F5FC62162DF7300695A0A /* Assets.xcassets */; };
		875F5FCA2162DF7300695A0A /* LaunchScreen.storyboard in Resources */ = {isa = PBXBuildFile; fileRef = 875F5FC82162DF7300695A0A /* LaunchScreen.storyboard */; };
/* End PBXBuildFile section */

/* Begin PBXFileReference section */
		875F5FB92162DF7300695A0A /* Trippie.app */ = {isa = PBXFileReference; explicitFileType = wrapper.application; includeInIndex = 0; path = Trippie.app; sourceTree = BUILT_PRODUCTS_DIR; };
		875F5FBC2162DF7300695A0A /* AppDelegate.swift */ = {isa = PBXFileReference; lastKnownFileType = sourcecode.swift; path = AppDelegate.swift; sourceTree = "<group>"; };
		875F5FBE2162DF7300695A0A /* ViewController.swift */ = {isa = PBXFileReference; lastKnownFileType = sourcecode.swift; path = ViewController.swift; sourceTree = "<group>"; };
		875F5FC12162DF7300695A0A /* Base */ = {isa = PBXFileReference; lastKnownFileType = file.storyboard; name = Base; path = Base.lproj/Main.storyboard; sourceTree = "<group>"; };
		875F5FC42162DF7300695A0A /* Trippie.xcdatamodel */ = {isa = PBXFileReference; lastKnownFileType = wrapper.xcdatamodel; path = Trippie.xcdatamodel; sourceTree = "<group>"; };
		875F5FC62162DF7300695A0A /* Assets.xcassets */ = {isa = PBXFileReference; lastKnownFileType = folder.assetcatalog; path = Assets.xcassets; sourceTree = "<group>"; };
		875F5FC92162DF7300695A0A /* Base */ = {isa = PBXFileReference; lastKnownFileType = file.storyboard; name = Base; path = Base.lproj/LaunchScreen.storyboard; sourceTree = "<group>"; };
		875F5FCB2162DF7300695A0A /* Info.plist */ = {isa = PBXFileReference; lastKnownFileType = text.plist.xml; path = Info.plist; sourceTree = "<group>"; };
/* End PBXFileReference section */

/* Begin PBXFrameworksBuildPhase section */
		875F5FB62162DF7300695A0A /* Frameworks */ = {
			isa = PBXFrameworksBuildPhase;
			buildActionMask = 2147483647;
			files = (
			);
			runOnlyForDeploymentPostprocessing = 0;
		};
/* End PBXFrameworksBuildPhase section */

/* Begin PBXGroup section */
		875F5FB02162DF7300695A0A = {
			isa = PBXGroup;
			children = (
				875F5FBB2162DF7300695A0A /* Trippie */,
				875F5FBA2162DF7300695A0A /* Products */,
			);
			sourceTree = "<group>";
		};
		875F5FBA2162DF7300695A0A /* Products */ = {
			isa = PBXGroup;
			children = (
				875F5FB92162DF7300695A0A /* Trippie.app */,
			);
			name = Products;
			sourceTree = "<group>";
		};
		875F5FBB2162DF7300695A0A /* Trippie */ = {
			isa = PBXGroup;
			children = (
				875F5FBC2162DF7300695A0A /* AppDelegate.swift */,
				875F5FBE2162DF7300695A0A /* ViewController.swift */,
				875F5FC02162DF7300695A0A /* Main.storyboard */,
				875F5FC62162DF7300695A0A /* Assets.xcassets */,
				875F5FC82162DF7300695A0A /* LaunchScreen.storyboard */,
				875F5FCB2162DF7300695A0A /* Info.plist */,
				875F5FC32162DF7300695A0A /* Trippie.xcdatamodeld */,
			);
			path = Trippie;
			sourceTree = "<group>";
		};
/* End PBXGroup section */

/* Begin PBXNativeTarget section */
		875F5FB82162DF7300695A0A /* Trippie */ = {
			isa = PBXNativeTarget;
			buildConfigurationList = 875F5FCE2162DF7300695A0A /* Build configuration list for PBXNativeTarget "Trippie" */;
			buildPhases = (
				875F5FB52162DF7300695A0A /* Sources */,
				875F5FB62162DF7300695A0A /* Frameworks */,
				875F5FB72162DF7300695A0A /* Resources */,
			);
			buildRules = (
			);
			dependencies = (
			);
			name = Trippie;
			productName = Trippie;
			productReference = 875F5FB92162DF7300695A0A /* Trippie.app */;
			productType = "com.apple.product-type.application";
		};
/* End PBXNativeTarget section */

/* Begin PBXProject section */
		875F5FB12162DF7300695A0A /* Project object */ = {
			isa = PBXProject;
			attributes = {
				LastSwiftUpdateCheck = 0920;
				LastUpgradeCheck = 0920;
				ORGANIZATIONNAME = "Helen Agha";
				TargetAttributes = {
					875F5FB82162DF7300695A0A = {
						CreatedOnToolsVersion = 9.2;
						ProvisioningStyle = Automatic;
					};
				};
			};
			buildConfigurationList = 875F5FB42162DF7300695A0A /* Build configuration list for PBXProject "Trippie" */;
			compatibilityVersion = "Xcode 8.0";
			developmentRegion = en;
			hasScannedForEncodings = 0;
			knownRegions = (
				en,
				Base,
			);
			mainGroup = 875F5FB02162DF7300695A0A;
			productRefGroup = 875F5FBA2162DF7300695A0A /* Products */;
			projectDirPath = "";
			projectRoot = "";
			targets = (
				875F5FB82162DF7300695A0A /* Trippie */,
			);
		};
/* End PBXProject section */

/* Begin PBXResourcesBuildPhase section */
		875F5FB72162DF7300695A0A /* Resources */ = {
			isa = PBXResourcesBuildPhase;
			buildActionMask = 2147483647;
			files = (
				875F5FCA2162DF7300695A0A /* LaunchScreen.storyboard in Resources */,
				875F5FC72162DF7300695A0A /* Assets.xcassets in Resources */,
				875F5FC22162DF7300695A0A /* Main.storyboard in Resources */,
			);
			runOnlyForDeploymentPostprocessing = 0;
		};
/* End PBXResourcesBuildPhase section */

/* Begin PBXSourcesBuildPhase section */
		875F5FB52162DF7300695A0A /* Sources */ = {
			isa = PBXSourcesBuildPhase;
			buildActionMask = 2147483647;
			files = (
				875F5FBF2162DF7300695A0A /* ViewController.swift in Sources */,
				875F5FC52162DF7300695A0A /* Trippie.xcdatamodeld in Sources */,
				875F5FBD2162DF7300695A0A /* AppDelegate.swift in Sources */,
			);
			runOnlyForDeploymentPostprocessing = 0;
		};
/* End PBXSourcesBuildPhase section */

/* Begin PBXVariantGroup section */
		875F5FC02162DF7300695A0A /* Main.storyboard */ = {
			isa = PBXVariantGroup;
			children = (
				875F5FC12162DF7300695A0A /* Base */,
			);
			name = Main.storyboard;
			sourceTree = "<group>";
		};
		875F5FC82162DF7300695A0A /* LaunchScreen.storyboard */ = {
			isa = PBXVariantGroup;
			children = (
				875F5FC92162DF7300695A0A /* Base */,
			);
			name = LaunchScreen.storyboard;
			sourceTree = "<group>";
		};
/* End PBXVariantGroup section */

/* Begin XCBuildConfiguration section */
		875F5FCC2162DF7300695A0A /* Debug */ = {
			isa = XCBuildConfiguration;
			buildSettings = {
				ALWAYS_SEARCH_USER_PATHS = NO;
				CLANG_ANALYZER_NONNULL = YES;
				CLANG_ANALYZER_NUMBER_OBJECT_CONVERSION = YES_AGGRESSIVE;
				CLANG_CXX_LANGUAGE_STANDARD = "gnu++14";
				CLANG_CXX_LIBRARY = "libc++";
				CLANG_ENABLE_MODULES = YES;
				CLANG_ENABLE_OBJC_ARC = YES;
				CLANG_WARN_BLOCK_CAPTURE_AUTORELEASING = YES;
				CLANG_WARN_BOOL_CONVERSION = YES;
				CLANG_WARN_COMMA = YES;
				CLANG_WARN_CONSTANT_CONVERSION = YES;
				CLANG_WARN_DIRECT_OBJC_ISA_USAGE = YES_ERROR;
				CLANG_WARN_DOCUMENTATION_COMMENTS = YES;
				CLANG_WARN_EMPTY_BODY = YES;
				CLANG_WARN_ENUM_CONVERSION = YES;
				CLANG_WARN_INFINITE_RECURSION = YES;
				CLANG_WARN_INT_CONVERSION = YES;
				CLANG_WARN_NON_LITERAL_NULL_CONVERSION = YES;
				CLANG_WARN_OBJC_LITERAL_CONVERSION = YES;
				CLANG_WARN_OBJC_ROOT_CLASS = YES_ERROR;
				CLANG_WARN_RANGE_LOOP_ANALYSIS = YES;
				CLANG_WARN_STRICT_PROTOTYPES = YES;
				CLANG_WARN_SUSPICIOUS_MOVE = YES;
				CLANG_WARN_UNGUARDED_AVAILABILITY = YES_AGGRESSIVE;
				CLANG_WARN_UNREACHABLE_CODE = YES;
				CLANG_WARN__DUPLICATE_METHOD_MATCH = YES;
				CODE_SIGN_IDENTITY = "iPhone Developer";
				COPY_PHASE_STRIP = NO;
				DEBUG_INFORMATION_FORMAT = dwarf;
				ENABLE_STRICT_OBJC_MSGSEND = YES;
				ENABLE_TESTABILITY = YES;
				GCC_C_LANGUAGE_STANDARD = gnu11;
				GCC_DYNAMIC_NO_PIC = NO;
				GCC_NO_COMMON_BLOCKS = YES;
				GCC_OPTIMIZATION_LEVEL = 0;
				GCC_PREPROCESSOR_DEFINITIONS = (
					"DEBUG=1",
					"$(inherited)",
				);
				GCC_WARN_64_TO_32_BIT_CONVERSION = YES;
				GCC_WARN_ABOUT_RETURN_TYPE = YES_ERROR;
				GCC_WARN_UNDECLARED_SELECTOR = YES;
				GCC_WARN_UNINITIALIZED_AUTOS = YES_AGGRESSIVE;
				GCC_WARN_UNUSED_FUNCTION = YES;
				GCC_WARN_UNUSED_VARIABLE = YES;
				IPHONEOS_DEPLOYMENT_TARGET = 11.2;
				MTL_ENABLE_DEBUG_INFO = YES;
				ONLY_ACTIVE_ARCH = YES;
				SDKROOT = iphoneos;
				SWIFT_ACTIVE_COMPILATION_CONDITIONS = DEBUG;
				SWIFT_OPTIMIZATION_LEVEL = "-Onone";
			};
			name = Debug;
		};
		875F5FCD2162DF7300695A0A /* Release */ = {
			isa = XCBuildConfiguration;
			buildSettings = {
				ALWAYS_SEARCH_USER_PATHS = NO;
				CLANG_ANALYZER_NONNULL = YES;
				CLANG_ANALYZER_NUMBER_OBJECT_CONVERSION = YES_AGGRESSIVE;
				CLANG_CXX_LANGUAGE_STANDARD = "gnu++14";
				CLANG_CXX_LIBRARY = "libc++";
				CLANG_ENABLE_MODULES = YES;
				CLANG_ENABLE_OBJC_ARC = YES;
				CLANG_WARN_BLOCK_CAPTURE_AUTORELEASING = YES;
				CLANG_WARN_BOOL_CONVERSION = YES;
				CLANG_WARN_COMMA = YES;
				CLANG_WARN_CONSTANT_CONVERSION = YES;
				CLANG_WARN_DIRECT_OBJC_ISA_USAGE = YES_ERROR;
				CLANG_WARN_DOCUMENTATION_COMMENTS = YES;
				CLANG_WARN_EMPTY_BODY = YES;
				CLANG_WARN_ENUM_CONVERSION = YES;
				CLANG_WARN_INFINITE_RECURSION = YES;
				CLANG_WARN_INT_CONVERSION = YES;
				CLANG_WARN_NON_LITERAL_NULL_CONVERSION = YES;
				CLANG_WARN_OBJC_LITERAL_CONVERSION = YES;
				CLANG_WARN_OBJC_ROOT_CLASS = YES_ERROR;
				CLANG_WARN_RANGE_LOOP_ANALYSIS = YES;
				CLANG_WARN_STRICT_PROTOTYPES = YES;
				CLANG_WARN_SUSPICIOUS_MOVE = YES;
				CLANG_WARN_UNGUARDED_AVAILABILITY = YES_AGGRESSIVE;
				CLANG_WARN_UNREACHABLE_CODE = YES;
				CLANG_WARN__DUPLICATE_METHOD_MATCH = YES;
				CODE_SIGN_IDENTITY = "iPhone Developer";
				COPY_PHASE_STRIP = NO;
				DEBUG_INFORMATION_FORMAT = "dwarf-with-dsym";
				ENABLE_NS_ASSERTIONS = NO;
				ENABLE_STRICT_OBJC_MSGSEND = YES;
				GCC_C_LANGUAGE_STANDARD = gnu11;
				GCC_NO_COMMON_BLOCKS = YES;
				GCC_WARN_64_TO_32_BIT_CONVERSION = YES;
				GCC_WARN_ABOUT_RETURN_TYPE = YES_ERROR;
				GCC_WARN_UNDECLARED_SELECTOR = YES;
				GCC_WARN_UNINITIALIZED_AUTOS = YES_AGGRESSIVE;
				GCC_WARN_UNUSED_FUNCTION = YES;
				GCC_WARN_UNUSED_VARIABLE = YES;
				IPHONEOS_DEPLOYMENT_TARGET = 11.2;
				MTL_ENABLE_DEBUG_INFO = NO;
				SDKROOT = iphoneos;
				SWIFT_OPTIMIZATION_LEVEL = "-Owholemodule";
				VALIDATE_PRODUCT = YES;
			};
			name = Release;
		};
		875F5FCF2162DF7300695A0A /* Debug */ = {
			isa = XCBuildConfiguration;
			buildSettings = {
				ASSETCATALOG_COMPILER_APPICON_NAME = AppIcon;
				CODE_SIGN_STYLE = Automatic;
				INFOPLIST_FILE = Trippie/Info.plist;
				LD_RUNPATH_SEARCH_PATHS = "$(inherited) @executable_path/Frameworks";
				PRODUCT_BUNDLE_IDENTIFIER = com.helenagha.Trippie;
				PRODUCT_NAME = "$(TARGET_NAME)";
				SWIFT_VERSION = 4.0;
				TARGETED_DEVICE_FAMILY = "1,2";
			};
			name = Debug;
		};
		875F5FD02162DF7300695A0A /* Release */ = {
			isa = XCBuildConfiguration;
			buildSettings = {
				ASSETCATALOG_COMPILER_APPICON_NAME = AppIcon;
				CODE_SIGN_STYLE = Automatic;
				INFOPLIST_FILE = Trippie/Info.plist;
				LD_RUNPATH_SEARCH_PATHS = "$(inherited) @executable_path/Frameworks";
				PRODUCT_BUNDLE_IDENTIFIER = com.helenagha.Trippie;
				PRODUCT_NAME = "$(TARGET_NAME)";
				SWIFT_VERSION = 4.0;
				TARGETED_DEVICE_FAMILY = "1,2";
			};
			name = Release;
		};
/* End XCBuildConfiguration section */

/* Begin XCConfigurationList section */
		875F5FB42162DF7300695A0A /* Build configuration list for PBXProject "Trippie" */ = {
			isa = XCConfigurationList;
			buildConfigurations = (
				875F5FCC2162DF7300695A0A /* Debug */,
				875F5FCD2162DF7300695A0A /* Release */,
			);
			defaultConfigurationIsVisible = 0;
			defaultConfigurationName = Release;
		};
		875F5FCE2162DF7300695A0A /* Build configuration list for PBXNativeTarget "Trippie" */ = {
			isa = XCConfigurationList;
			buildConfigurations = (
				875F5FCF2162DF7300695A0A /* Debug */,
				875F5FD02162DF7300695A0A /* Release */,
			);
			defaultConfigurationIsVisible = 0;
			defaultConfigurationName = Release;
		};
/* End XCConfigurationList section */

/* Begin XCVersionGroup section */
		875F5FC32162DF7300695A0A /* Trippie.xcdatamodeld */ = {
			isa = XCVersionGroup;
			children = (
				875F5FC42162DF7300695A0A /* Trippie.xcdatamodel */,
			);
			currentVersion = 875F5FC42162DF7300695A0A /* Trippie.xcdatamodel */;
			path = Trippie.xcdatamodeld;
			sourceTree = "<group>";
			versionGroupType = wrapper.xcdatamodel;
		};
/* End XCVersionGroup section */
	};
	rootObject = 875F5FB12162DF7300695A0A /* Project object */;
}
